{
  "nodes": {
    "casting-main": {
      "inputs": {
        "flakeNimbleLib": [
          "flakeNimbleLib"
        ],
        "nixpkgs": [
          "nixpkgs"
        ],
        "src-casting-main": "src-casting-main"
      },
      "locked": {
        "dir": "main",
        "lastModified": 1667322190,
        "narHash": "sha256-bUv73Vs5laJvyplYDqxg1bx2ahoQuze7GWmeLMoOGMw=",
        "owner": "nim-nix-pkgs",
        "repo": "casting",
        "rev": "275564640e0b77392c7450349d87b93f0b4869bd",
        "type": "github"
      },
      "original": {
        "dir": "main",
        "owner": "nim-nix-pkgs",
        "ref": "master",
        "repo": "casting",
        "type": "github"
      }
    },
    "flakeNimbleLib": {
      "inputs": {
        "nixpkgs": [
          "nixpkgs"
        ]
      },
      "locked": {
        "lastModified": 1662018438,
        "narHash": "sha256-QtNtU6+LX3Wokxf0zlFwKTFOcn6TeDjKQZ+DA9OYtvM=",
        "owner": "riinr",
        "repo": "nim-flakes-lib",
        "rev": "b1fe8340736e3a85d25c709ac3dfd82a55c03cbf",
        "type": "github"
      },
      "original": {
        "owner": "riinr",
        "ref": "master",
        "repo": "nim-flakes-lib",
        "type": "github"
      }
    },
    "nixpkgs": {
      "locked": {
        "lastModified": 1667199707,
        "narHash": "sha256-I2Js3Y7gUyVSEXPULHlBoRek4Lh85vnevdS6mdvDNLI=",
        "owner": "NixOS",
        "repo": "nixpkgs",
        "rev": "ced197be72099edcfa68ebed8b87af7b04851f45",
        "type": "github"
      },
      "original": {
        "id": "nixpkgs",
        "type": "indirect"
      }
    },
    "root": {
      "inputs": {
        "casting-main": "casting-main",
        "flakeNimbleLib": "flakeNimbleLib",
        "nixpkgs": "nixpkgs"
      }
    },
    "src-casting-main": {
      "flake": false,
      "locked": {
        "lastModified": 1666602341,
        "narHash": "sha256-kIzagbqgCUn2MHFq7cgPX0F7PAoOrK91DVex0DZZpWA=",
        "owner": "sls1005",
        "repo": "nim-casting",
        "rev": "cdf5680b2456c32f6c2af1cfc1995c7d437303e4",
        "type": "github"
      },
      "original": {
        "owner": "sls1005",
        "ref": "refs/heads/main",
        "repo": "nim-casting",
        "type": "github"
      }
    }
  },
  "root": "root",
  "version": 7
}
